
Microsoft Visual Studio Solution File, Format Version 12.00
# Visual Studio Version 17
VisualStudioVersion = 17.3.32825.248
MinimumVisualStudioVersion = 10.0.40219.1
Project("{9A19103F-16F7-4668-BE54-9A1E7A4F7556}") = "Microsoft.AspNetCore.SignalR.Server", "Microsoft.AspNetCore.SignalR.Server.csproj", "{E6A7DB67-C8AC-4FF3-A96E-6EAB15A608F4}"
EndProject
Global
	GlobalSection(SolutionConfigurationPlatforms) = preSolution
		Debug|Any CPU = Debug|Any CPU
		Release|Any CPU = Release|Any CPU
	EndGlobalSection
	GlobalSection(ProjectConfigurationPlatforms) = postSolution
		{E6A7DB67-C8AC-4FF3-A96E-6EAB15A608F4}.Debug|Any CPU.ActiveCfg = Debug|Any CPU
		{E6A7DB67-C8AC-4FF3-A96E-6EAB15A608F4}.Debug|Any CPU.Build.0 = Debug|Any CPU
		{E6A7DB67-C8AC-4FF3-A96E-6EAB15A608F4}.Release|Any CPU.ActiveCfg = Release|Any CPU
		{E6A7DB67-C8AC-4FF3-A96E-6EAB15A608F4}.Release|Any CPU.Build.0 = Release|Any CPU
	EndGlobalSection
	GlobalSection(SolutionProperties) = preSolution
		HideSolutionNode = FALSE
	EndGlobalSection
	GlobalSection(ExtensibilityGlobals) = postSolution
		SolutionGuid = {55B0A9CB-A701-4DA8-A91C-89BB8103E0D9}
	EndGlobalSection
EndGlobal
